
Microsoft Visual Studio Solution File, Format Version 12.00
# Visual Studio Version 17
VisualStudioVersion = 17.4.33110.190
MinimumVisualStudioVersion = 10.0.40219.1
Project("{FAE04EC0-301F-11D3-BF4B-00C04F79EFBC}") = "Provodnik", "Provodnik\Provodnik.csproj", "{C279DD0D-2882-4459-AB47-0C352AAA7701}"
EndProject
Global
	GlobalSection(SolutionConfigurationPlatforms) = preSolution
		Debug|Any CPU = Debug|Any CPU
		Release|Any CPU = Release|Any CPU
	EndGlobalSection
	GlobalSection(ProjectConfigurationPlatforms) = postSolution
		{C279DD0D-2882-4459-AB47-0C352AAA7701}.Debug|Any CPU.ActiveCfg = Debug|Any CPU
		{C279DD0D-2882-4459-AB47-0C352AAA7701}.Debug|Any CPU.Build.0 = Debug|Any CPU
		{C279DD0D-2882-4459-AB47-0C352AAA7701}.Release|Any CPU.ActiveCfg = Release|Any CPU
		{C279DD0D-2882-4459-AB47-0C352AAA7701}.Release|Any CPU.Build.0 = Release|Any CPU
	EndGlobalSection
	GlobalSection(SolutionProperties) = preSolution
		HideSolutionNode = FALSE
	EndGlobalSection
	GlobalSection(ExtensibilityGlobals) = postSolution
		SolutionGuid = {6A3861B6-814D-484D-9BB1-67D9A9C7AABC}
	EndGlobalSection
EndGlobal
